
Microsoft Visual Studio Solution File, Format Version 12.00
# Visual Studio Version 16
VisualStudioVersion = 16.0.32126.315
MinimumVisualStudioVersion = 10.0.40219.1
Project("{8BC9CEB8-8B4A-11D0-8D11-00A0C91BC942}") = "StateAnalysis", "StateAnalysis.vcxproj", "{48218CBE-A453-48BF-87D9-FCD172F68C74}"
EndProject
Global
	GlobalSection(SolutionConfigurationPlatforms) = preSolution
		Debug|x64 = Debug|x64
		Debug|x86 = Debug|x86
		Release|x64 = Release|x64
		Release|x86 = Release|x86
	EndGlobalSection
	GlobalSection(ProjectConfigurationPlatforms) = postSolution
		{48218CBE-A453-48BF-87D9-FCD172F68C74}.Debug|x64.ActiveCfg = Debug|x64
		{48218CBE-A453-48BF-87D9-FCD172F68C74}.Debug|x64.Build.0 = Debug|x64
		{48218CBE-A453-48BF-87D9-FCD172F68C74}.Debug|x86.ActiveCfg = Debug|Win32
		{48218CBE-A453-48BF-87D9-FCD172F68C74}.Debug|x86.Build.0 = Debug|Win32
		{48218CBE-A453-48BF-87D9-FCD172F68C74}.Release|x64.ActiveCfg = Release|x64
		{48218CBE-A453-48BF-87D9-FCD172F68C74}.Release|x64.Build.0 = Release|x64
		{48218CBE-A453-48BF-87D9-FCD172F68C74}.Release|x86.ActiveCfg = Release|Win32
		{48218CBE-A453-48BF-87D9-FCD172F68C74}.Release|x86.Build.0 = Release|Win32
	EndGlobalSection
	GlobalSection(SolutionProperties) = preSolution
		HideSolutionNode = FALSE
	EndGlobalSection
	GlobalSection(ExtensibilityGlobals) = postSolution
		SolutionGuid = {61B9FB00-94C2-4853-8568-D4F5CC8D5ADA}
	EndGlobalSection
EndGlobal
